
Microsoft Visual Studio Solution File, Format Version 12.00
# Visual Studio Version 16
VisualStudioVersion = 16.0.30114.105
MinimumVisualStudioVersion = 10.0.40219.1
Project("{FAE04EC0-301F-11D3-BF4B-00C04F79EFBC}") = "app", "app\app.csproj", "{EBB29BA7-D75D-4D7F-A04F-E1D32C5F15BF}"
EndProject
Project("{FAE04EC0-301F-11D3-BF4B-00C04F79EFBC}") = "appTest", "appTest\appTest.csproj", "{A7A223F8-6408-49F0-8F55-F603E99D7FDC}"
EndProject
Global
	GlobalSection(SolutionConfigurationPlatforms) = preSolution
		Debug|Any CPU = Debug|Any CPU
		Debug|x64 = Debug|x64
		Debug|x86 = Debug|x86
		Release|Any CPU = Release|Any CPU
		Release|x64 = Release|x64
		Release|x86 = Release|x86
	EndGlobalSection
	GlobalSection(SolutionProperties) = preSolution
		HideSolutionNode = FALSE
	EndGlobalSection
	GlobalSection(ProjectConfigurationPlatforms) = postSolution
		{EBB29BA7-D75D-4D7F-A04F-E1D32C5F15BF}.Debug|Any CPU.ActiveCfg = Debug|Any CPU
		{EBB29BA7-D75D-4D7F-A04F-E1D32C5F15BF}.Debug|Any CPU.Build.0 = Debug|Any CPU
		{EBB29BA7-D75D-4D7F-A04F-E1D32C5F15BF}.Debug|x64.ActiveCfg = Debug|Any CPU
		{EBB29BA7-D75D-4D7F-A04F-E1D32C5F15BF}.Debug|x64.Build.0 = Debug|Any CPU
		{EBB29BA7-D75D-4D7F-A04F-E1D32C5F15BF}.Debug|x86.ActiveCfg = Debug|Any CPU
		{EBB29BA7-D75D-4D7F-A04F-E1D32C5F15BF}.Debug|x86.Build.0 = Debug|Any CPU
		{EBB29BA7-D75D-4D7F-A04F-E1D32C5F15BF}.Release|Any CPU.ActiveCfg = Release|Any CPU
		{EBB29BA7-D75D-4D7F-A04F-E1D32C5F15BF}.Release|Any CPU.Build.0 = Release|Any CPU
		{EBB29BA7-D75D-4D7F-A04F-E1D32C5F15BF}.Release|x64.ActiveCfg = Release|Any CPU
		{EBB29BA7-D75D-4D7F-A04F-E1D32C5F15BF}.Release|x64.Build.0 = Release|Any CPU
		{EBB29BA7-D75D-4D7F-A04F-E1D32C5F15BF}.Release|x86.ActiveCfg = Release|Any CPU
		{EBB29BA7-D75D-4D7F-A04F-E1D32C5F15BF}.Release|x86.Build.0 = Release|Any CPU
		{A7A223F8-6408-49F0-8F55-F603E99D7FDC}.Debug|Any CPU.ActiveCfg = Debug|Any CPU
		{A7A223F8-6408-49F0-8F55-F603E99D7FDC}.Debug|Any CPU.Build.0 = Debug|Any CPU
		{A7A223F8-6408-49F0-8F55-F603E99D7FDC}.Debug|x64.ActiveCfg = Debug|Any CPU
		{A7A223F8-6408-49F0-8F55-F603E99D7FDC}.Debug|x64.Build.0 = Debug|Any CPU
		{A7A223F8-6408-49F0-8F55-F603E99D7FDC}.Debug|x86.ActiveCfg = Debug|Any CPU
		{A7A223F8-6408-49F0-8F55-F603E99D7FDC}.Debug|x86.Build.0 = Debug|Any CPU
		{A7A223F8-6408-49F0-8F55-F603E99D7FDC}.Release|Any CPU.ActiveCfg = Release|Any CPU
		{A7A223F8-6408-49F0-8F55-F603E99D7FDC}.Release|Any CPU.Build.0 = Release|Any CPU
		{A7A223F8-6408-49F0-8F55-F603E99D7FDC}.Release|x64.ActiveCfg = Release|Any CPU
		{A7A223F8-6408-49F0-8F55-F603E99D7FDC}.Release|x64.Build.0 = Release|Any CPU
		{A7A223F8-6408-49F0-8F55-F603E99D7FDC}.Release|x86.ActiveCfg = Release|Any CPU
		{A7A223F8-6408-49F0-8F55-F603E99D7FDC}.Release|x86.Build.0 = Release|Any CPU
	EndGlobalSection
EndGlobal
